
Microsoft Visual Studio Solution File, Format Version 12.00
# Visual Studio Version 17
VisualStudioVersion = 17.5.002.0
MinimumVisualStudioVersion = 10.0.40219.1
Project("{9A19103F-16F7-4668-BE54-9A1E7A4F7556}") = "BootstrapBlazor", "BootstrapBlazor\BootstrapBlazor.csproj", "{487B6430-9F74-4F64-87D5-3656CCC1F24D}"
EndProject
Project("{9A19103F-16F7-4668-BE54-9A1E7A4F7556}") = "BootstrapBlazor.Client", "BootstrapBlazor.Client\BootstrapBlazor.Client.csproj", "{1E5697E3-5F38-4203-8130-F7F5CB264277}"
EndProject
Project("{9A19103F-16F7-4668-BE54-9A1E7A4F7556}") = "BootstrapBlazor.Server", "BootstrapBlazor.Server\BootstrapBlazor.Server.csproj", "{7EC23C74-2FD0-4A49-8992-E12D9779626A}"
EndProject
Project("{9A19103F-16F7-4668-BE54-9A1E7A4F7556}") = "BootstrapBlazor.Shared", "BootstrapBlazor.Shared\BootstrapBlazor.Shared.csproj", "{EB33BDCB-6AF9-43AF-B8F0-5DE7EEE89A52}"
EndProject
Global
	GlobalSection(SolutionConfigurationPlatforms) = preSolution
		Debug|Any CPU = Debug|Any CPU
		Release|Any CPU = Release|Any CPU
	EndGlobalSection
	GlobalSection(ProjectConfigurationPlatforms) = postSolution
		{487B6430-9F74-4F64-87D5-3656CCC1F24D}.Debug|Any CPU.ActiveCfg = Debug|Any CPU
		{487B6430-9F74-4F64-87D5-3656CCC1F24D}.Debug|Any CPU.Build.0 = Debug|Any CPU
		{487B6430-9F74-4F64-87D5-3656CCC1F24D}.Release|Any CPU.ActiveCfg = Release|Any CPU
		{487B6430-9F74-4F64-87D5-3656CCC1F24D}.Release|Any CPU.Build.0 = Release|Any CPU
		{1E5697E3-5F38-4203-8130-F7F5CB264277}.Debug|Any CPU.ActiveCfg = Debug|Any CPU
		{1E5697E3-5F38-4203-8130-F7F5CB264277}.Debug|Any CPU.Build.0 = Debug|Any CPU
		{1E5697E3-5F38-4203-8130-F7F5CB264277}.Release|Any CPU.ActiveCfg = Release|Any CPU
		{1E5697E3-5F38-4203-8130-F7F5CB264277}.Release|Any CPU.Build.0 = Release|Any CPU
		{7EC23C74-2FD0-4A49-8992-E12D9779626A}.Debug|Any CPU.ActiveCfg = Debug|Any CPU
		{7EC23C74-2FD0-4A49-8992-E12D9779626A}.Debug|Any CPU.Build.0 = Debug|Any CPU
		{7EC23C74-2FD0-4A49-8992-E12D9779626A}.Release|Any CPU.ActiveCfg = Release|Any CPU
		{7EC23C74-2FD0-4A49-8992-E12D9779626A}.Release|Any CPU.Build.0 = Release|Any CPU
		{EB33BDCB-6AF9-43AF-B8F0-5DE7EEE89A52}.Debug|Any CPU.ActiveCfg = Debug|Any CPU
		{EB33BDCB-6AF9-43AF-B8F0-5DE7EEE89A52}.Debug|Any CPU.Build.0 = Debug|Any CPU
		{EB33BDCB-6AF9-43AF-B8F0-5DE7EEE89A52}.Release|Any CPU.ActiveCfg = Release|Any CPU
		{EB33BDCB-6AF9-43AF-B8F0-5DE7EEE89A52}.Release|Any CPU.Build.0 = Release|Any CPU
	EndGlobalSection
	GlobalSection(SolutionProperties) = preSolution
		HideSolutionNode = FALSE
	EndGlobalSection
	GlobalSection(ExtensibilityGlobals) = postSolution
		SolutionGuid = {21C9DE1C-F599-406C-A753-2F62AC3D9AA8}
	EndGlobalSection
EndGlobal
